
Microsoft Visual Studio Solution File, Format Version 12.00
# Visual Studio Version 17
VisualStudioVersion = 17.7.34031.279
MinimumVisualStudioVersion = 10.0.40219.1
Project("{FAE04EC0-301F-11D3-BF4B-00C04F79EFBC}") = "Garage", "Garage.csproj", "{746B429F-2F7F-4530-8C0B-038A0DE1D018}"
EndProject
Global
	GlobalSection(SolutionConfigurationPlatforms) = preSolution
		Debug|Any CPU = Debug|Any CPU
		Release|Any CPU = Release|Any CPU
	EndGlobalSection
	GlobalSection(ProjectConfigurationPlatforms) = postSolution
		{746B429F-2F7F-4530-8C0B-038A0DE1D018}.Debug|Any CPU.ActiveCfg = Debug|Any CPU
		{746B429F-2F7F-4530-8C0B-038A0DE1D018}.Debug|Any CPU.Build.0 = Debug|Any CPU
		{746B429F-2F7F-4530-8C0B-038A0DE1D018}.Release|Any CPU.ActiveCfg = Release|Any CPU
		{746B429F-2F7F-4530-8C0B-038A0DE1D018}.Release|Any CPU.Build.0 = Release|Any CPU
	EndGlobalSection
	GlobalSection(SolutionProperties) = preSolution
		HideSolutionNode = FALSE
	EndGlobalSection
	GlobalSection(ExtensibilityGlobals) = postSolution
		SolutionGuid = {EC5F0F9F-CA19-49A7-8350-E38D3407F7EF}
	EndGlobalSection
EndGlobal
